
Microsoft Visual Studio Solution File, Format Version 12.00
# Visual Studio Version 17
VisualStudioVersion = 17.4.33122.133
MinimumVisualStudioVersion = 10.0.40219.1
Project("{FAE04EC0-301F-11D3-BF4B-00C04F79EFBC}") = "multiTenantApp", "multiTenantApp\multiTenantApp.csproj", "{849F17C2-32F4-44AC-BE52-9CB3FB47572D}"
EndProject
Global
	GlobalSection(SolutionConfigurationPlatforms) = preSolution
		Debug|Any CPU = Debug|Any CPU
		Release|Any CPU = Release|Any CPU
	EndGlobalSection
	GlobalSection(ProjectConfigurationPlatforms) = postSolution
		{849F17C2-32F4-44AC-BE52-9CB3FB47572D}.Debug|Any CPU.ActiveCfg = Debug|Any CPU
		{849F17C2-32F4-44AC-BE52-9CB3FB47572D}.Debug|Any CPU.Build.0 = Debug|Any CPU
		{849F17C2-32F4-44AC-BE52-9CB3FB47572D}.Release|Any CPU.ActiveCfg = Release|Any CPU
		{849F17C2-32F4-44AC-BE52-9CB3FB47572D}.Release|Any CPU.Build.0 = Release|Any CPU
	EndGlobalSection
	GlobalSection(SolutionProperties) = preSolution
		HideSolutionNode = FALSE
	EndGlobalSection
	GlobalSection(ExtensibilityGlobals) = postSolution
		SolutionGuid = {BD5B2110-CEB6-42DD-9B2B-79B3C93CD364}
	EndGlobalSection
EndGlobal
